
Microsoft Visual Studio Solution File, Format Version 12.00
# Visual Studio Version 16
VisualStudioVersion = 16.0.30804.86
MinimumVisualStudioVersion = 10.0.40219.1
Project("{FAE04EC0-301F-11D3-BF4B-00C04F79EFBC}") = "Time Zone", "Time Zone\Time Zone.csproj", "{8C83C6F5-1AA0-460C-A594-8502D1EB8C2F}"
EndProject
Global
	GlobalSection(SolutionConfigurationPlatforms) = preSolution
		Debug|Any CPU = Debug|Any CPU
		Release|Any CPU = Release|Any CPU
	EndGlobalSection
	GlobalSection(ProjectConfigurationPlatforms) = postSolution
		{8C83C6F5-1AA0-460C-A594-8502D1EB8C2F}.Debug|Any CPU.ActiveCfg = Debug|Any CPU
		{8C83C6F5-1AA0-460C-A594-8502D1EB8C2F}.Debug|Any CPU.Build.0 = Debug|Any CPU
		{8C83C6F5-1AA0-460C-A594-8502D1EB8C2F}.Release|Any CPU.ActiveCfg = Release|Any CPU
		{8C83C6F5-1AA0-460C-A594-8502D1EB8C2F}.Release|Any CPU.Build.0 = Release|Any CPU
	EndGlobalSection
	GlobalSection(SolutionProperties) = preSolution
		HideSolutionNode = FALSE
	EndGlobalSection
	GlobalSection(ExtensibilityGlobals) = postSolution
		SolutionGuid = {F59DA97C-4F25-4563-91D8-EDD5C7B72C12}
	EndGlobalSection
EndGlobal
